
Microsoft Visual Studio Solution File, Format Version 12.00
# Visual Studio Version 16
VisualStudioVersion = 16.0.31129.286
MinimumVisualStudioVersion = 10.0.40219.1
Project("{FAE04EC0-301F-11D3-BF4B-00C04F79EFBC}") = "EvenOrOdd", "EvenOrOdd\EvenOrOdd.csproj", "{744953E7-7799-46F1-8210-8AAD9BAB8792}"
EndProject
Global
	GlobalSection(SolutionConfigurationPlatforms) = preSolution
		Debug|Any CPU = Debug|Any CPU
		Release|Any CPU = Release|Any CPU
	EndGlobalSection
	GlobalSection(ProjectConfigurationPlatforms) = postSolution
		{744953E7-7799-46F1-8210-8AAD9BAB8792}.Debug|Any CPU.ActiveCfg = Debug|Any CPU
		{744953E7-7799-46F1-8210-8AAD9BAB8792}.Debug|Any CPU.Build.0 = Debug|Any CPU
		{744953E7-7799-46F1-8210-8AAD9BAB8792}.Release|Any CPU.ActiveCfg = Release|Any CPU
		{744953E7-7799-46F1-8210-8AAD9BAB8792}.Release|Any CPU.Build.0 = Release|Any CPU
	EndGlobalSection
	GlobalSection(SolutionProperties) = preSolution
		HideSolutionNode = FALSE
	EndGlobalSection
	GlobalSection(ExtensibilityGlobals) = postSolution
		SolutionGuid = {18D98BDF-CCBD-4BF0-A006-30AA435F63F9}
	EndGlobalSection
EndGlobal
