
Microsoft Visual Studio Solution File, Format Version 12.00
# Visual Studio Version 16
VisualStudioVersion = 16.0.31129.286
MinimumVisualStudioVersion = 10.0.40219.1
Project("{FAE04EC0-301F-11D3-BF4B-00C04F79EFBC}") = "ImmutableStrings", "ImmutableStrings\ImmutableStrings.csproj", "{31C3B025-C5B9-4466-A1B1-C8C2914D3249}"
EndProject
Global
	GlobalSection(SolutionConfigurationPlatforms) = preSolution
		Debug|Any CPU = Debug|Any CPU
		Release|Any CPU = Release|Any CPU
	EndGlobalSection
	GlobalSection(ProjectConfigurationPlatforms) = postSolution
		{31C3B025-C5B9-4466-A1B1-C8C2914D3249}.Debug|Any CPU.ActiveCfg = Debug|Any CPU
		{31C3B025-C5B9-4466-A1B1-C8C2914D3249}.Debug|Any CPU.Build.0 = Debug|Any CPU
		{31C3B025-C5B9-4466-A1B1-C8C2914D3249}.Release|Any CPU.ActiveCfg = Release|Any CPU
		{31C3B025-C5B9-4466-A1B1-C8C2914D3249}.Release|Any CPU.Build.0 = Release|Any CPU
	EndGlobalSection
	GlobalSection(SolutionProperties) = preSolution
		HideSolutionNode = FALSE
	EndGlobalSection
	GlobalSection(ExtensibilityGlobals) = postSolution
		SolutionGuid = {44E22938-E895-493D-BB11-47976BB341AB}
	EndGlobalSection
EndGlobal
