
Microsoft Visual Studio Solution File, Format Version 12.00
# Visual Studio Version 16
VisualStudioVersion = 16.0.31321.278
MinimumVisualStudioVersion = 10.0.40219.1
Project("{FAE04EC0-301F-11D3-BF4B-00C04F79EFBC}") = "FirstWPFDemo", "FirstWPFDemo\FirstWPFDemo.csproj", "{947D8BB1-6823-46AF-AAA0-1E606B49DDB5}"
EndProject
Project("{FAE04EC0-301F-11D3-BF4B-00C04F79EFBC}") = "StaticRessources", "StaticRessources\StaticRessources.csproj", "{93E63D06-0E19-44E6-940A-3A03A6E3FFCC}"
EndProject
Global
	GlobalSection(SolutionConfigurationPlatforms) = preSolution
		Debug|Any CPU = Debug|Any CPU
		Release|Any CPU = Release|Any CPU
	EndGlobalSection
	GlobalSection(ProjectConfigurationPlatforms) = postSolution
		{947D8BB1-6823-46AF-AAA0-1E606B49DDB5}.Debug|Any CPU.ActiveCfg = Debug|Any CPU
		{947D8BB1-6823-46AF-AAA0-1E606B49DDB5}.Debug|Any CPU.Build.0 = Debug|Any CPU
		{947D8BB1-6823-46AF-AAA0-1E606B49DDB5}.Release|Any CPU.ActiveCfg = Release|Any CPU
		{947D8BB1-6823-46AF-AAA0-1E606B49DDB5}.Release|Any CPU.Build.0 = Release|Any CPU
		{93E63D06-0E19-44E6-940A-3A03A6E3FFCC}.Debug|Any CPU.ActiveCfg = Debug|Any CPU
		{93E63D06-0E19-44E6-940A-3A03A6E3FFCC}.Debug|Any CPU.Build.0 = Debug|Any CPU
		{93E63D06-0E19-44E6-940A-3A03A6E3FFCC}.Release|Any CPU.ActiveCfg = Release|Any CPU
		{93E63D06-0E19-44E6-940A-3A03A6E3FFCC}.Release|Any CPU.Build.0 = Release|Any CPU
	EndGlobalSection
	GlobalSection(SolutionProperties) = preSolution
		HideSolutionNode = FALSE
	EndGlobalSection
	GlobalSection(ExtensibilityGlobals) = postSolution
		SolutionGuid = {C81977E0-C002-478D-A263-E1CCF9A42925}
	EndGlobalSection
EndGlobal
