
Microsoft Visual Studio Solution File, Format Version 12.00
# Visual Studio Version 16
VisualStudioVersion = 16.0.31402.337
MinimumVisualStudioVersion = 10.0.40219.1
Project("{FAE04EC0-301F-11D3-BF4B-00C04F79EFBC}") = "OperatorenDemo", "OperatorenDemo\OperatorenDemo.csproj", "{15E74932-54B9-4B28-AF61-97F30DFDB795}"
EndProject
Global
	GlobalSection(SolutionConfigurationPlatforms) = preSolution
		Debug|Any CPU = Debug|Any CPU
		Release|Any CPU = Release|Any CPU
	EndGlobalSection
	GlobalSection(ProjectConfigurationPlatforms) = postSolution
		{15E74932-54B9-4B28-AF61-97F30DFDB795}.Debug|Any CPU.ActiveCfg = Debug|Any CPU
		{15E74932-54B9-4B28-AF61-97F30DFDB795}.Debug|Any CPU.Build.0 = Debug|Any CPU
		{15E74932-54B9-4B28-AF61-97F30DFDB795}.Release|Any CPU.ActiveCfg = Release|Any CPU
		{15E74932-54B9-4B28-AF61-97F30DFDB795}.Release|Any CPU.Build.0 = Release|Any CPU
	EndGlobalSection
	GlobalSection(SolutionProperties) = preSolution
		HideSolutionNode = FALSE
	EndGlobalSection
	GlobalSection(ExtensibilityGlobals) = postSolution
		SolutionGuid = {13B7F777-A6D2-428B-A6B7-2D521FE2D0E9}
	EndGlobalSection
EndGlobal
