
Microsoft Visual Studio Solution File, Format Version 12.00
# Visual Studio Version 16
VisualStudioVersion = 16.0.31129.286
MinimumVisualStudioVersion = 10.0.40219.1
Project("{FAE04EC0-301F-11D3-BF4B-00C04F79EFBC}") = "ComparisonDemo_SwitchIf", "ComparisonDemo_SwitchIf\ComparisonDemo_SwitchIf.csproj", "{6A0F3E20-B96C-4B9A-81EE-72F9EC8E4263}"
EndProject
Global
	GlobalSection(SolutionConfigurationPlatforms) = preSolution
		Debug|Any CPU = Debug|Any CPU
		Release|Any CPU = Release|Any CPU
	EndGlobalSection
	GlobalSection(ProjectConfigurationPlatforms) = postSolution
		{6A0F3E20-B96C-4B9A-81EE-72F9EC8E4263}.Debug|Any CPU.ActiveCfg = Debug|Any CPU
		{6A0F3E20-B96C-4B9A-81EE-72F9EC8E4263}.Debug|Any CPU.Build.0 = Debug|Any CPU
		{6A0F3E20-B96C-4B9A-81EE-72F9EC8E4263}.Release|Any CPU.ActiveCfg = Release|Any CPU
		{6A0F3E20-B96C-4B9A-81EE-72F9EC8E4263}.Release|Any CPU.Build.0 = Release|Any CPU
	EndGlobalSection
	GlobalSection(SolutionProperties) = preSolution
		HideSolutionNode = FALSE
	EndGlobalSection
	GlobalSection(ExtensibilityGlobals) = postSolution
		SolutionGuid = {74F2F811-2032-4878-B5F8-0E3CC744AA14}
	EndGlobalSection
EndGlobal
