
Microsoft Visual Studio Solution File, Format Version 12.00
# Visual Studio Version 16
VisualStudioVersion = 16.0.31025.194
MinimumVisualStudioVersion = 10.0.40219.1
Project("{FAE04EC0-301F-11D3-BF4B-00C04F79EFBC}") = "LeapYear", "LeapYear.csproj", "{6BE9A3DF-2E81-413F-8D4C-4E3591EFE931}"
EndProject
Global
	GlobalSection(SolutionConfigurationPlatforms) = preSolution
		Debug|Any CPU = Debug|Any CPU
		Release|Any CPU = Release|Any CPU
	EndGlobalSection
	GlobalSection(ProjectConfigurationPlatforms) = postSolution
		{6BE9A3DF-2E81-413F-8D4C-4E3591EFE931}.Debug|Any CPU.ActiveCfg = Debug|Any CPU
		{6BE9A3DF-2E81-413F-8D4C-4E3591EFE931}.Debug|Any CPU.Build.0 = Debug|Any CPU
		{6BE9A3DF-2E81-413F-8D4C-4E3591EFE931}.Release|Any CPU.ActiveCfg = Release|Any CPU
		{6BE9A3DF-2E81-413F-8D4C-4E3591EFE931}.Release|Any CPU.Build.0 = Release|Any CPU
	EndGlobalSection
	GlobalSection(SolutionProperties) = preSolution
		HideSolutionNode = FALSE
	EndGlobalSection
	GlobalSection(ExtensibilityGlobals) = postSolution
		SolutionGuid = {3A2ECA68-A48E-483A-9C1F-3EE86F49259F}
	EndGlobalSection
EndGlobal
