
Microsoft Visual Studio Solution File, Format Version 12.00
# Visual Studio Version 16
VisualStudioVersion = 16.0.31019.35
MinimumVisualStudioVersion = 10.0.40219.1
Project("{FAE04EC0-301F-11D3-BF4B-00C04F79EFBC}") = "UnitTestingExamples", "UnitTestingExamples.csproj", "{513701C7-FD0A-4419-A5D9-755C19405D00}"
EndProject
Project("{FAE04EC0-301F-11D3-BF4B-00C04F79EFBC}") = "UnitTestProject_SeveralTests", "..\UnitTestProject_SeveralTests\UnitTestProject_SeveralTests.csproj", "{2F16E2FC-D9FB-4605-B9AD-F547B7ECA542}"
EndProject
Global
	GlobalSection(SolutionConfigurationPlatforms) = preSolution
		Debug|Any CPU = Debug|Any CPU
		Release|Any CPU = Release|Any CPU
	EndGlobalSection
	GlobalSection(ProjectConfigurationPlatforms) = postSolution
		{513701C7-FD0A-4419-A5D9-755C19405D00}.Debug|Any CPU.ActiveCfg = Debug|Any CPU
		{513701C7-FD0A-4419-A5D9-755C19405D00}.Debug|Any CPU.Build.0 = Debug|Any CPU
		{513701C7-FD0A-4419-A5D9-755C19405D00}.Release|Any CPU.ActiveCfg = Release|Any CPU
		{513701C7-FD0A-4419-A5D9-755C19405D00}.Release|Any CPU.Build.0 = Release|Any CPU
		{2F16E2FC-D9FB-4605-B9AD-F547B7ECA542}.Debug|Any CPU.ActiveCfg = Debug|Any CPU
		{2F16E2FC-D9FB-4605-B9AD-F547B7ECA542}.Debug|Any CPU.Build.0 = Debug|Any CPU
		{2F16E2FC-D9FB-4605-B9AD-F547B7ECA542}.Release|Any CPU.ActiveCfg = Release|Any CPU
		{2F16E2FC-D9FB-4605-B9AD-F547B7ECA542}.Release|Any CPU.Build.0 = Release|Any CPU
	EndGlobalSection
	GlobalSection(SolutionProperties) = preSolution
		HideSolutionNode = FALSE
	EndGlobalSection
	GlobalSection(ExtensibilityGlobals) = postSolution
		SolutionGuid = {E55BA773-B558-43EB-953C-CDFA78EFBAF7}
	EndGlobalSection
EndGlobal
