
Microsoft Visual Studio Solution File, Format Version 12.00
# Visual Studio Version 16
VisualStudioVersion = 16.0.31410.357
MinimumVisualStudioVersion = 10.0.40219.1
Project("{FAE04EC0-301F-11D3-BF4B-00C04F79EFBC}") = "TryCatchFinallyDemo", "TryCatchFinallyDemo\TryCatchFinallyDemo.csproj", "{5F38B700-E576-4AD6-A9AF-68153AA3983B}"
EndProject
Global
	GlobalSection(SolutionConfigurationPlatforms) = preSolution
		Debug|Any CPU = Debug|Any CPU
		Release|Any CPU = Release|Any CPU
	EndGlobalSection
	GlobalSection(ProjectConfigurationPlatforms) = postSolution
		{5F38B700-E576-4AD6-A9AF-68153AA3983B}.Debug|Any CPU.ActiveCfg = Debug|Any CPU
		{5F38B700-E576-4AD6-A9AF-68153AA3983B}.Debug|Any CPU.Build.0 = Debug|Any CPU
		{5F38B700-E576-4AD6-A9AF-68153AA3983B}.Release|Any CPU.ActiveCfg = Release|Any CPU
		{5F38B700-E576-4AD6-A9AF-68153AA3983B}.Release|Any CPU.Build.0 = Release|Any CPU
	EndGlobalSection
	GlobalSection(SolutionProperties) = preSolution
		HideSolutionNode = FALSE
	EndGlobalSection
	GlobalSection(ExtensibilityGlobals) = postSolution
		SolutionGuid = {142DF930-AA44-4EFE-85C3-F4AB5C3E0E57}
	EndGlobalSection
EndGlobal
