
Microsoft Visual Studio Solution File, Format Version 12.00
# Visual Studio Version 16
VisualStudioVersion = 16.0.31112.23
MinimumVisualStudioVersion = 10.0.40219.1
Project("{FAE04EC0-301F-11D3-BF4B-00C04F79EFBC}") = "SimpleMethodOverloading", "SimpleMethodOverloading.csproj", "{1AACEB03-D202-484E-86DB-07F21C7E1EC3}"
EndProject
Global
	GlobalSection(SolutionConfigurationPlatforms) = preSolution
		Debug|Any CPU = Debug|Any CPU
		Release|Any CPU = Release|Any CPU
	EndGlobalSection
	GlobalSection(ProjectConfigurationPlatforms) = postSolution
		{1AACEB03-D202-484E-86DB-07F21C7E1EC3}.Debug|Any CPU.ActiveCfg = Debug|Any CPU
		{1AACEB03-D202-484E-86DB-07F21C7E1EC3}.Debug|Any CPU.Build.0 = Debug|Any CPU
		{1AACEB03-D202-484E-86DB-07F21C7E1EC3}.Release|Any CPU.ActiveCfg = Release|Any CPU
		{1AACEB03-D202-484E-86DB-07F21C7E1EC3}.Release|Any CPU.Build.0 = Release|Any CPU
	EndGlobalSection
	GlobalSection(SolutionProperties) = preSolution
		HideSolutionNode = FALSE
	EndGlobalSection
	GlobalSection(ExtensibilityGlobals) = postSolution
		SolutionGuid = {A8CB5448-0B1B-4DF4-AAA2-76081F73B254}
	EndGlobalSection
EndGlobal
