
Microsoft Visual Studio Solution File, Format Version 12.00
# Visual Studio Version 16
VisualStudioVersion = 16.0.31205.134
MinimumVisualStudioVersion = 10.0.40219.1
Project("{FAE04EC0-301F-11D3-BF4B-00C04F79EFBC}") = "SimpleGenericsDemoWithMethod", "SimpleGenericsDemoWithMethod\SimpleGenericsDemoWithMethod.csproj", "{0861A59E-57A5-4F11-88C5-3D2B1B69470D}"
EndProject
Global
	GlobalSection(SolutionConfigurationPlatforms) = preSolution
		Debug|Any CPU = Debug|Any CPU
		Release|Any CPU = Release|Any CPU
	EndGlobalSection
	GlobalSection(ProjectConfigurationPlatforms) = postSolution
		{0861A59E-57A5-4F11-88C5-3D2B1B69470D}.Debug|Any CPU.ActiveCfg = Debug|Any CPU
		{0861A59E-57A5-4F11-88C5-3D2B1B69470D}.Debug|Any CPU.Build.0 = Debug|Any CPU
		{0861A59E-57A5-4F11-88C5-3D2B1B69470D}.Release|Any CPU.ActiveCfg = Release|Any CPU
		{0861A59E-57A5-4F11-88C5-3D2B1B69470D}.Release|Any CPU.Build.0 = Release|Any CPU
	EndGlobalSection
	GlobalSection(SolutionProperties) = preSolution
		HideSolutionNode = FALSE
	EndGlobalSection
	GlobalSection(ExtensibilityGlobals) = postSolution
		SolutionGuid = {2A18E6A8-D594-42C0-8060-18A325E6BA1B}
	EndGlobalSection
EndGlobal
