
Microsoft Visual Studio Solution File, Format Version 12.00
# Visual Studio Version 16
VisualStudioVersion = 16.0.31410.357
MinimumVisualStudioVersion = 10.0.40219.1
Project("{FAE04EC0-301F-11D3-BF4B-00C04F79EFBC}") = "InheritanceDemos", "InheritanceDemos\InheritanceDemos.csproj", "{D64F6AB2-A05C-4166-8940-2950043AC96F}"
EndProject
Project("{FAE04EC0-301F-11D3-BF4B-00C04F79EFBC}") = "ChallengeInheritance", "ChallengeInheritance\ChallengeInheritance.csproj", "{5860E70B-5BA1-4B24-812A-BC9F492277A5}"
EndProject
Global
	GlobalSection(SolutionConfigurationPlatforms) = preSolution
		Debug|Any CPU = Debug|Any CPU
		Release|Any CPU = Release|Any CPU
	EndGlobalSection
	GlobalSection(ProjectConfigurationPlatforms) = postSolution
		{D64F6AB2-A05C-4166-8940-2950043AC96F}.Debug|Any CPU.ActiveCfg = Debug|Any CPU
		{D64F6AB2-A05C-4166-8940-2950043AC96F}.Debug|Any CPU.Build.0 = Debug|Any CPU
		{D64F6AB2-A05C-4166-8940-2950043AC96F}.Release|Any CPU.ActiveCfg = Release|Any CPU
		{D64F6AB2-A05C-4166-8940-2950043AC96F}.Release|Any CPU.Build.0 = Release|Any CPU
		{5860E70B-5BA1-4B24-812A-BC9F492277A5}.Debug|Any CPU.ActiveCfg = Debug|Any CPU
		{5860E70B-5BA1-4B24-812A-BC9F492277A5}.Debug|Any CPU.Build.0 = Debug|Any CPU
		{5860E70B-5BA1-4B24-812A-BC9F492277A5}.Release|Any CPU.ActiveCfg = Release|Any CPU
		{5860E70B-5BA1-4B24-812A-BC9F492277A5}.Release|Any CPU.Build.0 = Release|Any CPU
	EndGlobalSection
	GlobalSection(SolutionProperties) = preSolution
		HideSolutionNode = FALSE
	EndGlobalSection
	GlobalSection(ExtensibilityGlobals) = postSolution
		SolutionGuid = {16A2242B-0BD2-45ED-966A-DACB6086539B}
	EndGlobalSection
EndGlobal
